{
  "name": "mv-card",
  "lockfileVersion": 3,
  "requires": true,
  "packages": {
    "": {
      "dependencies": {
        "@meveo-org/mv-button": "^1.0.2",
        "@meveo-org/mv-container": "^1.0.0",
        "@meveo-org/mv-theme": "^1.0.0",
        "lit": "^2.4.1"
      }
    },
    "node_modules/@lit/reactive-element": {
      "version": "1.4.2",
      "resolved": "https://registry.npmjs.org/@lit/reactive-element/-/reactive-element-1.4.2.tgz",
      "integrity": "sha512-VMOxsWh/QDwrxPsgkSQnuZ+8mfNy1OTjzzUdLBvvZtpahwPTHTeVZ51RZRqO4xfKVrR+btIPA8D01IL3xeG66w=="
    },
    "node_modules/@meveo-org/mv-button": {
      "version": "1.0.2",
      "resolved": "https://registry.npmjs.org/@meveo-org/mv-button/-/mv-button-1.0.2.tgz",
      "integrity": "sha512-MzE4VKI9hwyRg/+lHxgs19FDwZWenEGYU2xJ/KiAYlftTjozopW4cXQLApL2A5v9uuZrFQzz/Yc0iFPr32rOYQ=="
    },
    "node_modules/@meveo-org/mv-container": {
      "version": "1.0.0",
      "resolved": "https://registry.npmjs.org/@meveo-org/mv-container/-/mv-container-1.0.0.tgz",
      "integrity": "sha512-+QCmlaR5LNy5DScRYbLzSuzHW25WNi0SF2vm9izMyV3pjtCe3BNZqS8xlFX29vucdqZtpd/8rbPELc8trVcpVA==",
      "dependencies": {
        "lit-element": "^3.0.2"
      }
    },
    "node_modules/@meveo-org/mv-theme": {
      "version": "1.0.0",
      "resolved": "https://registry.npmjs.org/@meveo-org/mv-theme/-/mv-theme-1.0.0.tgz",
      "integrity": "sha512-MorOUneOhLC5ek5VrOlki6ahh8KkvJgn37a/KmxBu/3e5Er9BLU34day4m4dR3eck8sQs9JEcdBv8od93p3cgw=="
    },
    "node_modules/@types/trusted-types": {
      "version": "2.0.2",
      "resolved": "https://registry.npmjs.org/@types/trusted-types/-/trusted-types-2.0.2.tgz",
      "integrity": "sha512-F5DIZ36YVLE+PN+Zwws4kJogq47hNgX3Nx6WyDJ3kcplxyke3XIzB8uK5n/Lpm1HBsbGzd6nmGehL8cPekP+Tg=="
    },
    "node_modules/lit": {
      "version": "2.4.1",
      "resolved": "https://registry.npmjs.org/lit/-/lit-2.4.1.tgz",
      "integrity": "sha512-qohSgLiyN1cFnJG26dIiY03S4F49857A0AHQfnS0zYtnUVnD2MFvx+UT52rtXsIuNFQrnUupX+zyGSATlk1f/A==",
      "dependencies": {
        "@lit/reactive-element": "^1.4.0",
        "lit-element": "^3.2.0",
        "lit-html": "^2.4.0"
      }
    },
    "node_modules/lit-element": {
      "version": "3.2.2",
      "resolved": "https://registry.npmjs.org/lit-element/-/lit-element-3.2.2.tgz",
      "integrity": "sha512-6ZgxBR9KNroqKb6+htkyBwD90XGRiqKDHVrW/Eh0EZ+l+iC+u+v+w3/BA5NGi4nizAVHGYvQBHUDuSmLjPp7NQ==",
      "dependencies": {
        "@lit/reactive-element": "^1.3.0",
        "lit-html": "^2.2.0"
      }
    },
    "node_modules/lit-html": {
      "version": "2.4.0",
      "resolved": "https://registry.npmjs.org/lit-html/-/lit-html-2.4.0.tgz",
      "integrity": "sha512-G6qXu4JNUpY6aaF2VMfaszhO9hlWw0hOTRFDmuMheg/nDYGB+2RztUSOyrzALAbr8Nh0Y7qjhYkReh3rPnplVg==",
      "dependencies": {
        "@types/trusted-types": "^2.0.2"
      }
    }
  }
}
